<?xml version="1.0" encoding="utf-8"?>
<Project ToolsVersion="4.0" xmlns="http://schemas.microsoft.com/developer/msbuild/2003">
  <ItemGroup>
    <ClCompile Include="libdpx\Codec.cpp">
      <Filter>libdpx</Filter>
    </ClCompile>
    <ClCompile Include="libdpx\DPX.cpp">
      <Filter>libdpx</Filter>
    </ClCompile>
    <ClCompile Include="libdpx\DPXHeader.cpp">
      <Filter>libdpx</Filter>
    </ClCompile>
    <ClCompile Include="libdpx\ElementReadStream.cpp">
      <Filter>libdpx</Filter>
    </ClCompile>
    <ClCompile Include="libdpx\InStream.cpp">
      <Filter>libdpx</Filter>
    </ClCompile>
    <ClCompile Include="libdpx\OutStream.cpp">
      <Filter>libdpx</Filter>
    </ClCompile>
    <ClCompile Include="libdpx\Reader.cpp">
      <Filter>libdpx</Filter>
    </ClCompile>
    <ClCompile Include="libdpx\RunLengthEncoding.cpp">
      <Filter>libdpx</Filter>
    </ClCompile>
    <ClCompile Include="libdpx\TestFunc.cpp">
      <Filter>libdpx</Filter>
    </ClCompile>
    <ClCompile Include="libdpx\Writer.cpp">
      <Filter>libdpx</Filter>
    </ClCompile>
    <ClCompile Include="convert.cpp" />
    <ClCompile Include="main.cpp" />
  </ItemGroup>
  <ItemGroup>
    <ClInclude Include="libdpx\BaseTypeConverter.h">
      <Filter>libdpx</Filter>
    </ClInclude>
    <ClInclude Include="libdpx\Codec.h">
      <Filter>libdpx</Filter>
    </ClInclude>
    <ClInclude Include="libdpx\DPX.h">
      <Filter>libdpx</Filter>
    </ClInclude>
    <ClInclude Include="libdpx\DPXHeader.h">
      <Filter>libdpx</Filter>
    </ClInclude>
    <ClInclude Include="libdpx\DPXStream.h">
      <Filter>libdpx</Filter>
    </ClInclude>
    <ClInclude Include="libdpx\ElementReadStream.h">
      <Filter>libdpx</Filter>
    </ClInclude>
    <ClInclude Include="libdpx\EndianSwap.h">
      <Filter>libdpx</Filter>
    </ClInclude>
    <ClInclude Include="libdpx\ReaderInternal.h">
      <Filter>libdpx</Filter>
    </ClInclude>
    <ClInclude Include="libdpx\RunLengthEncoding.h">
      <Filter>libdpx</Filter>
    </ClInclude>
    <ClInclude Include="libdpx\TestFunc.h">
      <Filter>libdpx</Filter>
    </ClInclude>
    <ClInclude Include="libdpx\WriterInternal.h">
      <Filter>libdpx</Filter>
    </ClInclude>
    <ClInclude Include="convert.h" />
    <ClInclude Include="convertToP010.h" />
    <ClInclude Include="convertToRGB.h" />
    <ClInclude Include="lookupTableF.h" />
    <ClInclude Include="resize.h" />
  </ItemGroup>
  <ItemGroup>
    <Filter Include="libdpx">
      <UniqueIdentifier>{95124f7c-ce41-47fb-8f2d-b99898219dad}</UniqueIdentifier>
    </Filter>
  </ItemGroup>
  <ItemGroup>
    <None Include="libdpx\Makefile.am">
      <Filter>libdpx</Filter>
    </None>
  </ItemGroup>
  <ItemGroup>
    <CudaCompile Include="convertToP010.cu" />
    <CudaCompile Include="convertToRGB.cu" />
    <CudaCompile Include="lookupTableF.cu" />
    <CudaCompile Include="resize.cu" />
  </ItemGroup>
</Project>